{
  "name": "polymer-starter-kit",
  "version": "4.0.0",
  "lockfileVersion": 1,
  "requires": true,
  "dependencies": {
    "@polymer/app-layout": {
      "version": "3.0.1",
      "resolved": "https://registry.npmjs.org/@polymer/app-layout/-/app-layout-3.0.1.tgz",
      "integrity": "sha512-Uf4gys9GSH69glSrKl7fsSeM0qeyfzat6tkym4WdZNdnLWou4sOxnAlF0Jg3ets1mumUo2U4/zVcUhPH9LJE+g==",
      "requires": {
        "@polymer/iron-flex-layout": "^3.0.0-pre.26",
        "@polymer/iron-media-query": "^3.0.0-pre.26",
        "@polymer/iron-resizable-behavior": "^3.0.0-pre.26",
        "@polymer/iron-scroll-target-behavior": "^3.0.0-pre.26",
        "@polymer/polymer": "^3.0.0"
      }
    },
    "@polymer/app-route": {
      "version": "3.0.2",
      "resolved": "https://registry.npmjs.org/@polymer/app-route/-/app-route-3.0.2.tgz",
      "integrity": "sha512-8Y34evmsaYh7ONr+zLwLzXaU0iOZZQj1E2uB3iaToQHbOP1POhKlnmAycBQ/eFB8BwrdSUBaDQk+rZhio78FQw==",
      "requires": {
        "@polymer/iron-location": "^3.0.0-pre.26",
        "@polymer/polymer": "^3.0.0"
      }
    },
    "@polymer/font-roboto": {
      "version": "3.0.2",
      "resolved": "https://registry.npmjs.org/@polymer/font-roboto/-/font-roboto-3.0.2.tgz",
      "integrity": "sha512-tx5TauYSmzsIvmSqepUPDYbs4/Ejz2XbZ1IkD7JEGqkdNUJlh+9KU85G56Tfdk/xjEZ8zorFfN09OSwiMrIQWA=="
    },
    "@polymer/iron-a11y-announcer": {
      "version": "3.0.1",
      "resolved": "https://registry.npmjs.org/@polymer/iron-a11y-announcer/-/iron-a11y-announcer-3.0.1.tgz",
      "integrity": "sha512-Xiqmpz0AEEbMNGYPpbrXBIrcI/xaR4tn77pmSLfxVKGGwjEUR/YrRgyIwXp4EN7lvst1dFC8kyl2hLga0uDIVQ==",
      "requires": {
        "@polymer/polymer": "^3.0.0"
      }
    },
    "@polymer/iron-a11y-keys-behavior": {
      "version": "3.0.1",
      "resolved": "https://registry.npmjs.org/@polymer/iron-a11y-keys-behavior/-/iron-a11y-keys-behavior-3.0.1.tgz",
      "integrity": "sha512-lnrjKq3ysbBPT/74l0Fj0U9H9C35Tpw2C/tpJ8a+5g8Y3YJs1WSZYnEl1yOkw6sEyaxOq/1DkzH0+60gGu5/PQ==",
      "requires": {
        "@polymer/polymer": "^3.0.0"
      }
    },
    "@polymer/iron-ajax": {
      "version": "3.0.1",
      "resolved": "https://registry.npmjs.org/@polymer/iron-ajax/-/iron-ajax-3.0.1.tgz",
      "integrity": "sha512-7+TPEAfWsRdhj1Y8UeF1759ktpVu+c3sG16rJiUC3wF9+woQ9xI1zUm2d59i7Yc3aDEJrR/Q8Y262KlOvyGVNg==",
      "requires": {
        "@polymer/polymer": "^3.0.0"
      }
    },
    "@polymer/iron-autogrow-textarea": {
      "version": "3.0.1",
      "resolved": "https://registry.npmjs.org/@polymer/iron-autogrow-textarea/-/iron-autogrow-textarea-3.0.1.tgz",
      "integrity": "sha512-FgSL7APrOSL9Vu812sBCFlQ17hvnJsBAV2C2e1UAiaHhB+dyfLq8gGdGUpqVWuGJ50q4Y/49QwCNnLf85AdVYA==",
      "requires": {
        "@polymer/iron-behaviors": "^3.0.0-pre.26",
        "@polymer/iron-flex-layout": "^3.0.0-pre.26",
        "@polymer/iron-validatable-behavior": "^3.0.0-pre.26",
        "@polymer/polymer": "^3.0.0"
      }
    },
    "@polymer/iron-behaviors": {
      "version": "3.0.1",
      "resolved": "https://registry.npmjs.org/@polymer/iron-behaviors/-/iron-behaviors-3.0.1.tgz",
      "integrity": "sha512-IMEwcv1lhf1HSQxuyWOUIL0lOBwmeaoSTpgCJeP9IBYnuB1SPQngmfRuHKgK6/m9LQ9F9miC7p3HeQQUdKAE0w==",
      "requires": {
        "@polymer/iron-a11y-keys-behavior": "^3.0.0-pre.26",
        "@polymer/polymer": "^3.0.0"
      }
    },
    "@polymer/iron-checked-element-behavior": {
      "version": "3.0.1",
      "resolved": "https://registry.npmjs.org/@polymer/iron-checked-element-behavior/-/iron-checked-element-behavior-3.0.1.tgz",
      "integrity": "sha512-aDr0cbCNVq49q+pOqa6CZutFh+wWpwPMLpEth9swx+GkAj+gCURhuQkaUYhIo5f2egDbEioR1aeHMnPlU9dQZA==",
      "requires": {
        "@polymer/iron-form-element-behavior": "^3.0.0-pre.26",
        "@polymer/iron-validatable-behavior": "^3.0.0-pre.26",
        "@polymer/polymer": "^3.0.0"
      }
    },
    "@polymer/iron-dropdown": {
      "version": "3.0.1",
      "resolved": "https://registry.npmjs.org/@polymer/iron-dropdown/-/iron-dropdown-3.0.1.tgz",
      "integrity": "sha512-22yLhepfcKjuQMfFmRHi/9MPKTqkzgRrmWWW0P5uqK++xle53k2QBO5VYUAYiCN3ZcxIi9lEhZ9YWGeQj2JBig==",
      "requires": {
        "@polymer/iron-behaviors": "^3.0.0-pre.26",
        "@polymer/iron-overlay-behavior": "^3.0.0-pre.27",
        "@polymer/neon-animation": "^3.0.0-pre.26",
        "@polymer/polymer": "^3.0.0"
      }
    },
    "@polymer/iron-fit-behavior": {
      "version": "3.0.1",
      "resolved": "https://registry.npmjs.org/@polymer/iron-fit-behavior/-/iron-fit-behavior-3.0.1.tgz",
      "integrity": "sha512-/M0B1L30k31vmwNBaGuZcxzUAhJSHoGccb/DF0CDKI/hT8UlkTvcyemaWdOpmHHLgY52ceKIkRwA3AeXrKyvaQ==",
      "requires": {
        "@polymer/polymer": "^3.0.0"
      }
    },
    "@polymer/iron-flex-layout": {
      "version": "3.0.1",
      "resolved": "https://registry.npmjs.org/@polymer/iron-flex-layout/-/iron-flex-layout-3.0.1.tgz",
      "integrity": "sha512-7gB869czArF+HZcPTVSgvA7tXYFze9EKckvM95NB7SqYF+NnsQyhoXgKnpFwGyo95lUjUW9TFDLUwDXnCYFtkw==",
      "requires": {
        "@polymer/polymer": "^3.0.0"
      }
    },
    "@polymer/iron-form-element-behavior": {
      "version": "3.0.1",
      "resolved": "https://registry.npmjs.org/@polymer/iron-form-element-behavior/-/iron-form-element-behavior-3.0.1.tgz",
      "integrity": "sha512-G/e2KXyL5AY7mMjmomHkGpgS0uAf4ovNpKhkuUTRnMuMJuf589bKqE85KN4ovE1Tzhv2hJoh/igyD6ekHiYU1A==",
      "requires": {
        "@polymer/polymer": "^3.0.0"
      }
    },
    "@polymer/iron-icon": {
      "version": "3.0.1",
      "resolved": "https://registry.npmjs.org/@polymer/iron-icon/-/iron-icon-3.0.1.tgz",
      "integrity": "sha512-QLPwirk+UPZNaLnMew9VludXA4CWUCenRewgEcGYwdzVgDPCDbXxy6vRJjmweZobMQv/oVLppT2JZtJFnPxX6g==",
      "requires": {
        "@polymer/iron-flex-layout": "^3.0.0-pre.26",
        "@polymer/iron-meta": "^3.0.0-pre.26",
        "@polymer/polymer": "^3.0.0"
      }
    },
    "@polymer/iron-iconset-svg": {
      "version": "3.0.1",
      "resolved": "https://registry.npmjs.org/@polymer/iron-iconset-svg/-/iron-iconset-svg-3.0.1.tgz",
      "integrity": "sha512-XNwURbNHRw6u2fJe05O5fMYye6GSgDlDqCO+q6K1zAnKIrpgZwf2vTkBd5uCcZwsN0FyCB3mvNZx4jkh85dRDw==",
      "requires": {
        "@polymer/iron-meta": "^3.0.0-pre.26",
        "@polymer/polymer": "^3.0.0"
      }
    },
    "@polymer/iron-input": {
      "version": "3.0.1",
      "resolved": "https://registry.npmjs.org/@polymer/iron-input/-/iron-input-3.0.1.tgz",
      "integrity": "sha512-WLx13kEcbH9GKbj9+pWR6pbJkA5kxn3796ynx6eQd2rueMyUfVTR3GzOvadBKsciUuIuzrxpBWZ2+3UcueVUQQ==",
      "requires": {
        "@polymer/iron-a11y-announcer": "^3.0.0-pre.26",
        "@polymer/iron-validatable-behavior": "^3.0.0-pre.26",
        "@polymer/polymer": "^3.0.0"
      }
    },
    "@polymer/iron-list": {
      "version": "3.0.1",
      "resolved": "https://registry.npmjs.org/@polymer/iron-list/-/iron-list-3.0.1.tgz",
      "integrity": "sha512-RNMCtOiROJxge8fXla7m0cjyDbDIn8jRylL/1BAAbmTQqcbN4IU26oi4mPHxtaxx9MR+IIV5yzCY2kflsYY4Og==",
      "requires": {
        "@polymer/iron-a11y-keys-behavior": "^3.0.0-pre.26",
        "@polymer/iron-resizable-behavior": "^3.0.0-pre.26",
        "@polymer/iron-scroll-target-behavior": "^3.0.0-pre.26",
        "@polymer/polymer": "^3.0.0"
      }
    },
    "@polymer/iron-location": {
      "version": "3.0.1",
      "resolved": "https://registry.npmjs.org/@polymer/iron-location/-/iron-location-3.0.1.tgz",
      "integrity": "sha512-almb+p/fdSi4bxG+vyXjY51fDZxHMxwiug51Lfvr86wZRXN/u21Y6BapxG5n9f0hPSy9fimjIAvaYmozi7VjyQ==",
      "requires": {
        "@polymer/polymer": "^3.0.0"
      }
    },
    "@polymer/iron-media-query": {
      "version": "3.0.1",
      "resolved": "https://registry.npmjs.org/@polymer/iron-media-query/-/iron-media-query-3.0.1.tgz",
      "integrity": "sha512-czUX1pm1zfmfcZtq5J57XFkcobBv08Y50exp0/3v8Bos5VL/jv2tU0RwiTfDBxUMhjicGbgwEBFQPY2V5DMzyw==",
      "requires": {
        "@polymer/polymer": "^3.0.0"
      }
    },
    "@polymer/iron-meta": {
      "version": "3.0.1",
      "resolved": "https://registry.npmjs.org/@polymer/iron-meta/-/iron-meta-3.0.1.tgz",
      "integrity": "sha512-pWguPugiLYmWFV9UWxLWzZ6gm4wBwQdDy4VULKwdHCqR7OP7u98h+XDdGZsSlDPv6qoryV/e3tGHlTIT0mbzJA==",
      "requires": {
        "@polymer/polymer": "^3.0.0"
      }
    },
    "@polymer/iron-overlay-behavior": {
      "version": "3.0.1",
      "resolved": "https://registry.npmjs.org/@polymer/iron-overlay-behavior/-/iron-overlay-behavior-3.0.1.tgz",
      "integrity": "sha512-7XDaPVmH90G/hiyWdwv0VG+E4B2xpiWGhql8ghHg7Ik1E4gNCZ7pdeTvjnawfycjrsod0ZezhKOFavYWAaXVxA==",
      "requires": {
        "@polymer/iron-a11y-keys-behavior": "^3.0.0-pre.26",
        "@polymer/iron-fit-behavior": "^3.0.0-pre.26",
        "@polymer/iron-resizable-behavior": "^3.0.0-pre.26",
        "@polymer/polymer": "^3.0.0"
      }
    },
    "@polymer/iron-pages": {
      "version": "3.0.1",
      "resolved": "https://registry.npmjs.org/@polymer/iron-pages/-/iron-pages-3.0.1.tgz",
      "integrity": "sha512-PQe8S1JKHPcsIvFOaQP+9+AXmqUIL9fPqC6xT63OAZQxYCeZJDKgT9GKBx+VRryYBUlj2FLEXkUVpG+PTotdjg==",
      "requires": {
        "@polymer/iron-resizable-behavior": "^3.0.0-pre.26",
        "@polymer/iron-selector": "^3.0.0-pre.26",
        "@polymer/polymer": "^3.0.0"
      }
    },
    "@polymer/iron-resizable-behavior": {
      "version": "3.0.1",
      "resolved": "https://registry.npmjs.org/@polymer/iron-resizable-behavior/-/iron-resizable-behavior-3.0.1.tgz",
      "integrity": "sha512-FyHxRxFspVoRaeZSWpT3y0C9awomb4tXXolIJcZ7RvXhMP632V5lez+ch5G5SwK0LpnAPkg35eB0LPMFv+YMMQ==",
      "requires": {
        "@polymer/polymer": "^3.0.0"
      }
    },
    "@polymer/iron-scroll-target-behavior": {
      "version": "3.0.1",
      "resolved": "https://registry.npmjs.org/@polymer/iron-scroll-target-behavior/-/iron-scroll-target-behavior-3.0.1.tgz",
      "integrity": "sha512-xg1WanG25BIkQE8rhuReqY9zx1K5M7F+YAIYpswEp5eyDIaZ1Y3vUmVeQ3KG+hiSugzI1M752azXN7kvyhOBcQ==",
      "requires": {
        "@polymer/polymer": "^3.0.0"
      }
    },
    "@polymer/iron-selector": {
      "version": "3.0.1",
      "resolved": "https://registry.npmjs.org/@polymer/iron-selector/-/iron-selector-3.0.1.tgz",
      "integrity": "sha512-sBVk2uas6prW0glUe2xEJJYlvxmYzM40Au9OKbfDK2Qekou/fLKcBRyIYI39kuI8zWRaip8f3CI8qXcUHnKb1A==",
      "requires": {
        "@polymer/polymer": "^3.0.0"
      }
    },
    "@polymer/iron-validatable-behavior": {
      "version": "3.0.1",
      "resolved": "https://registry.npmjs.org/@polymer/iron-validatable-behavior/-/iron-validatable-behavior-3.0.1.tgz",
      "integrity": "sha512-wwpYh6wOa4fNI+jH5EYKC7TVPYQ2OfgQqocWat7GsNWcsblKYhLYbwsvEY5nO0n2xKqNfZzDLrUom5INJN7msQ==",
      "requires": {
        "@polymer/iron-meta": "^3.0.0-pre.26",
        "@polymer/polymer": "^3.0.0"
      }
    },
    "@polymer/lit-element": {
      "version": "0.6.1",
      "resolved": "https://registry.npmjs.org/@polymer/lit-element/-/lit-element-0.6.1.tgz",
      "integrity": "sha512-eselNs2lA4n1R1rSyPXW8XR3ISmbYVQcDtIMSINHVNZ56pCtCHOtgmaG8C4k0gONwikEMJTP9blNHD/gdYIxFA==",
      "requires": {
        "lit-html": "^0.11.4"
      }
    },
    "@polymer/neon-animation": {
      "version": "3.0.1",
      "resolved": "https://registry.npmjs.org/@polymer/neon-animation/-/neon-animation-3.0.1.tgz",
      "integrity": "sha512-cDDc0llpVCe0ATbDS3clDthI54Bc8YwZIeTGGmBJleKOvbRTUC5+ssJmRL+VwVh+VM5FlnQlx760ppftY3uprg==",
      "requires": {
        "@polymer/iron-resizable-behavior": "^3.0.0-pre.26",
        "@polymer/iron-selector": "^3.0.0-pre.26",
        "@polymer/polymer": "^3.0.0"
      }
    },
    "@polymer/paper-behaviors": {
      "version": "3.0.1",
      "resolved": "https://registry.npmjs.org/@polymer/paper-behaviors/-/paper-behaviors-3.0.1.tgz",
      "integrity": "sha512-6knhj69fPJejv8qR0kCSUY+Q0XjaUf0OSnkjRjmTJPAwSrRYtgqE+l6P1FfA+py1X/cUjgne9EF5rMZAKJIg1g==",
      "requires": {
        "@polymer/iron-behaviors": "^3.0.0-pre.26",
        "@polymer/iron-checked-element-behavior": "^3.0.0-pre.26",
        "@polymer/paper-ripple": "^3.0.0-pre.26",
        "@polymer/polymer": "^3.0.0"
      }
    },
    "@polymer/paper-button": {
      "version": "3.0.1",
      "resolved": "https://registry.npmjs.org/@polymer/paper-button/-/paper-button-3.0.1.tgz",
      "integrity": "sha512-JRNBc+Oj9EWnmyLr7FcCr8T1KAnEHPh6mosln9BUdkM+qYaYsudSICh3cjTIbnj6AuF5OJidoLkM1dlyj0j6Zg==",
      "requires": {
        "@polymer/iron-flex-layout": "^3.0.0-pre.26",
        "@polymer/paper-behaviors": "^3.0.0-pre.27",
        "@polymer/paper-styles": "^3.0.0-pre.26",
        "@polymer/polymer": "^3.0.0"
      }
    },
    "@polymer/paper-dialog": {
      "version": "3.0.1",
      "resolved": "https://registry.npmjs.org/@polymer/paper-dialog/-/paper-dialog-3.0.1.tgz",
      "integrity": "sha512-KvglYbEq7AWJvui2j6WKLnOvgVMeGjovAydGrPRj7kVzCiD49Eq/hpYFJTRV5iDcalWH+mORUpw+jrFnG9+Kgw==",
      "requires": {
        "@polymer/iron-overlay-behavior": "^3.0.0-pre.27",
        "@polymer/neon-animation": "^3.0.0-pre.26",
        "@polymer/paper-dialog-behavior": "^3.0.0-pre.26",
        "@polymer/polymer": "^3.0.0"
      }
    },
    "@polymer/paper-dialog-behavior": {
      "version": "3.0.1",
      "resolved": "https://registry.npmjs.org/@polymer/paper-dialog-behavior/-/paper-dialog-behavior-3.0.1.tgz",
      "integrity": "sha512-wbI4kCK8le/9MHT+IXzvHjoatxf3kd3Yn0tgozAiAwfSZ7N4Ubpi5MHrK0m9S9PeIxKokAgBYdTUrezSE5378A==",
      "requires": {
        "@polymer/iron-overlay-behavior": "^3.0.0-pre.27",
        "@polymer/paper-styles": "^3.0.0-pre.26",
        "@polymer/polymer": "^3.0.0"
      }
    },
    "@polymer/paper-dropdown-menu": {
      "version": "3.0.1",
      "resolved": "https://registry.npmjs.org/@polymer/paper-dropdown-menu/-/paper-dropdown-menu-3.0.1.tgz",
      "integrity": "sha512-GBFzoP8SC+MTcLgKAflmGEvfjboCFVNkJd39fBEoNHAV3KU92ugmR4sl9iFaIaaGuxJ7QdjsLa2zQPlcS4lr6Q==",
      "requires": {
        "@polymer/iron-a11y-keys-behavior": "^3.0.0-pre.26",
        "@polymer/iron-form-element-behavior": "^3.0.0-pre.26",
        "@polymer/iron-icon": "^3.0.0-pre.26",
        "@polymer/iron-iconset-svg": "^3.0.0-pre.26",
        "@polymer/iron-validatable-behavior": "^3.0.0-pre.26",
        "@polymer/paper-behaviors": "^3.0.0-pre.27",
        "@polymer/paper-input": "^3.0.0-pre.26",
        "@polymer/paper-menu-button": "^3.0.0-pre.26",
        "@polymer/paper-ripple": "^3.0.0-pre.26",
        "@polymer/paper-styles": "^3.0.0-pre.26",
        "@polymer/polymer": "^3.0.0"
      }
    },
    "@polymer/paper-icon-button": {
      "version": "3.0.1",
      "resolved": "https://registry.npmjs.org/@polymer/paper-icon-button/-/paper-icon-button-3.0.1.tgz",
      "integrity": "sha512-iGzCargoYI2yOgedwTvT3kt4bMUsgGzITakPYx1qN1v6xiOAr67Zf/tp2JKqqdtyySDsJYck9o4FLf4ymvZJoA==",
      "requires": {
        "@polymer/iron-icon": "^3.0.0-pre.26",
        "@polymer/paper-behaviors": "^3.0.0-pre.27",
        "@polymer/paper-styles": "^3.0.0-pre.26",
        "@polymer/polymer": "^3.0.0"
      }
    },
    "@polymer/paper-input": {
      "version": "3.0.1",
      "resolved": "https://registry.npmjs.org/@polymer/paper-input/-/paper-input-3.0.1.tgz",
      "integrity": "sha512-th6fuP6PyQEBJSWVtJQ/ZsoQp8Zysq4bRIOg2uGZsNX6gfm6AVoMph5pXOlS8RHoVDDYDG9GRjQib7JPSWKkrw==",
      "requires": {
        "@polymer/iron-a11y-keys-behavior": "^3.0.0-pre.26",
        "@polymer/iron-autogrow-textarea": "^3.0.0-pre.26",
        "@polymer/iron-behaviors": "^3.0.0-pre.26",
        "@polymer/iron-form-element-behavior": "^3.0.0-pre.26",
        "@polymer/iron-input": "^3.0.0-pre.26",
        "@polymer/paper-styles": "^3.0.0-pre.26",
        "@polymer/polymer": "^3.0.0"
      }
    },
    "@polymer/paper-menu-button": {
      "version": "3.0.1",
      "resolved": "https://registry.npmjs.org/@polymer/paper-menu-button/-/paper-menu-button-3.0.1.tgz",
      "integrity": "sha512-Rxte2Fp7N2BMI2FMM7tB25IkvD11DhjMklcg97JP1jnlHbJNrXPh5SSX2bdtabz49UE8vejIsrxZ+AGsB5nqIQ==",
      "requires": {
        "@polymer/iron-a11y-keys-behavior": "^3.0.0-pre.26",
        "@polymer/iron-behaviors": "^3.0.0-pre.26",
        "@polymer/iron-dropdown": "^3.0.0-pre.26",
        "@polymer/iron-fit-behavior": "^3.0.0-pre.26",
        "@polymer/neon-animation": "^3.0.0-pre.26",
        "@polymer/paper-styles": "^3.0.0-pre.26",
        "@polymer/polymer": "^3.0.0"
      }
    },
    "@polymer/paper-ripple": {
      "version": "3.0.1",
      "resolved": "https://registry.npmjs.org/@polymer/paper-ripple/-/paper-ripple-3.0.1.tgz",
      "integrity": "sha512-dgOe12GyCF1VZBLUQqnzGWlf3xb255FajNCVB1VFj/AtskYtoamnafa7m3a+1vs+C8qbg4Benn5KwgxVDSW4cg==",
      "requires": {
        "@polymer/iron-a11y-keys-behavior": "^3.0.0-pre.26",
        "@polymer/polymer": "^3.0.0"
      }
    },
    "@polymer/paper-styles": {
      "version": "3.0.1",
      "resolved": "https://registry.npmjs.org/@polymer/paper-styles/-/paper-styles-3.0.1.tgz",
      "integrity": "sha512-y6hmObLqlCx602TQiSBKHqjwkE7xmDiFkoxdYGaNjtv4xcysOTdVJsDR/R9UHwIaxJ7gHlthMSykir1nv78++g==",
      "requires": {
        "@polymer/font-roboto": "^3.0.1",
        "@polymer/iron-flex-layout": "^3.0.0-pre.26",
        "@polymer/polymer": "^3.0.0"
      }
    },
    "@polymer/polymer": {
      "version": "3.0.5",
      "resolved": "https://registry.npmjs.org/@polymer/polymer/-/polymer-3.0.5.tgz",
      "integrity": "sha512-Zbmhtr5vZ3NoHWwFYLKI4ff7yfE6DZopI8vaS7HvmUIuNqsv/EpEDXfNEYjqePQmkMX5LU9OIKV1eX/+9aveow==",
      "requires": {
        "@webcomponents/shadycss": "^1.2.0"
      }
    },
    "@vaadin/vaadin-button": {
      "version": "2.1.0",
      "resolved": "https://registry.npmjs.org/@vaadin/vaadin-button/-/vaadin-button-2.1.0.tgz",
      "integrity": "sha512-NdMcUa02UViO02hCC8t1wH3ekaVgkxwkaW11+Mf9vlpQzzlFI/nDE4ueSdhfAY3iDGbDhbTVRPES8Sl9Xu4qgA==",
      "requires": {
        "@polymer/polymer": "^3.0.0",
        "@vaadin/vaadin-control-state-mixin": "^2.1.1",
        "@vaadin/vaadin-element-mixin": "^2.0.0",
        "@vaadin/vaadin-lumo-styles": "^1.1.0-beta1",
        "@vaadin/vaadin-material-styles": "^1.1.0-beta1",
        "@vaadin/vaadin-themable-mixin": "^1.2.1"
      }
    },
    "@vaadin/vaadin-checkbox": {
      "version": "2.2.2",
      "resolved": "https://registry.npmjs.org/@vaadin/vaadin-checkbox/-/vaadin-checkbox-2.2.2.tgz",
      "integrity": "sha512-STVyOM5vIrEqJYT7qsaExQjYsN9k8EGB2s5oxc2V2Hv1EwooD0jqfaof6wlUZR7N/y0kn64gsrRUQwoJdISdTw==",
      "requires": {
        "@polymer/polymer": "^3.0.0",
        "@vaadin/vaadin-control-state-mixin": "^2.1.1",
        "@vaadin/vaadin-element-mixin": "^2.0.0",
        "@vaadin/vaadin-lumo-styles": "^1.2.0",
        "@vaadin/vaadin-material-styles": "^1.2.0",
        "@vaadin/vaadin-themable-mixin": "^1.2.1"
      }
    },
    "@vaadin/vaadin-combo-box": {
      "version": "4.1.0",
      "resolved": "https://registry.npmjs.org/@vaadin/vaadin-combo-box/-/vaadin-combo-box-4.1.0.tgz",
      "integrity": "sha512-l3rru+fdWoIFk97rKcQ4WAKFowaFaisVBGp8ChcboTvSWbRrxIw7mBkyyXdRqiPlCns/TbTqr69kri75QAHEVA==",
      "requires": {
        "@polymer/iron-a11y-announcer": "^3.0.0-pre.18",
        "@polymer/iron-a11y-keys-behavior": "^3.0.0-pre.18",
        "@polymer/iron-list": "^3.0.0-pre.18",
        "@polymer/iron-resizable-behavior": "^3.0.0-pre.18",
        "@polymer/polymer": "^3.0.0",
        "@vaadin/vaadin-control-state-mixin": "^2.1.1",
        "@vaadin/vaadin-element-mixin": "^2.0.0",
        "@vaadin/vaadin-item": "^2.1.0-beta2",
        "@vaadin/vaadin-lumo-styles": "^1.1.0-beta1",
        "@vaadin/vaadin-material-styles": "^1.1.0-beta1",
        "@vaadin/vaadin-overlay": "^3.1.0-beta2",
        "@vaadin/vaadin-text-field": "^2.1.0-beta2",
        "@vaadin/vaadin-themable-mixin": "^1.2.1"
      }
    },
    "@vaadin/vaadin-context-menu": {
      "version": "4.1.0",
      "resolved": "https://registry.npmjs.org/@vaadin/vaadin-context-menu/-/vaadin-context-menu-4.1.0.tgz",
      "integrity": "sha512-Px+AVpshXW+abxp8W/a8WYSfA8KXDF6LgJ0CotEH3ZwjaiBS3BWYSGbIBZ/2x8ZK4Vwd6kMNZN9ubQPscvayaA==",
      "requires": {
        "@polymer/iron-media-query": "^3.0.0-pre.18",
        "@polymer/polymer": "^3.0.0",
        "@vaadin/vaadin-element-mixin": "^2.1.1",
        "@vaadin/vaadin-lumo-styles": "^1.1.1",
        "@vaadin/vaadin-material-styles": "^1.1.1",
        "@vaadin/vaadin-overlay": "^3.1.1",
        "@vaadin/vaadin-themable-mixin": "^1.2.1"
      }
    },
    "@vaadin/vaadin-control-state-mixin": {
      "version": "2.1.1",
      "resolved": "https://registry.npmjs.org/@vaadin/vaadin-control-state-mixin/-/vaadin-control-state-mixin-2.1.1.tgz",
      "integrity": "sha512-YYhDdEdnFQOAoLY4SVJB5eUZHGAw/YTIeEEql6lHLlENDYuJ7eaniNhL5mIuQTf/uqSauTl1c1S/IJl3D8zGPw==",
      "requires": {
        "@polymer/polymer": "^3.0.0"
      }
    },
    "@vaadin/vaadin-core": {
      "version": "10.0.0-pre.3",
      "resolved": "https://registry.npmjs.org/@vaadin/vaadin-core/-/vaadin-core-10.0.0-pre.3.tgz",
      "integrity": "sha512-NCrlzksRqsNnNNchaPqzzGkSvCN4CTvf0khHvchSc8IhHdXMaj3YsaRqiGDVd/HXW74w+9E2DE4J77ypQShN+Q==",
      "requires": {
        "@vaadin/vaadin-button": "^2.0.0-pre.3",
        "@vaadin/vaadin-checkbox": "^2.0.0-pre.3",
        "@vaadin/vaadin-combo-box": "^4.0.1-pre.2",
        "@vaadin/vaadin-context-menu": "^4.0.0-pre.3",
        "@vaadin/vaadin-date-picker": "^3.0.0-pre.3",
        "@vaadin/vaadin-dialog": "^2.0.0-pre.3",
        "@vaadin/vaadin-dropdown-menu": "^1.0.0-pre.3",
        "@vaadin/vaadin-form-layout": "^2.0.0-pre.3",
        "@vaadin/vaadin-grid": "^5.0.0-pre.4",
        "@vaadin/vaadin-icons": "^4.1.4-pre.2",
        "@vaadin/vaadin-item": "^2.0.0-pre.3",
        "@vaadin/vaadin-list-box": "^1.0.1-pre.2",
        "@vaadin/vaadin-lumo-styles": "^1.0.0-pre.6",
        "@vaadin/vaadin-notification": "^1.0.0-pre.3",
        "@vaadin/vaadin-ordered-layout": "^1.0.1-pre.2",
        "@vaadin/vaadin-progress-bar": "^1.0.0-pre.3",
        "@vaadin/vaadin-radio-button": "^1.0.0-pre.3",
        "@vaadin/vaadin-split-layout": "^4.0.0-pre.3",
        "@vaadin/vaadin-tabs": "^2.0.0-pre.3",
        "@vaadin/vaadin-text-field": "^2.0.1-pre.2",
        "@vaadin/vaadin-upload": "^4.0.0-pre.3"
      }
    },
    "@vaadin/vaadin-date-picker": {
      "version": "3.2.0",
      "resolved": "https://registry.npmjs.org/@vaadin/vaadin-date-picker/-/vaadin-date-picker-3.2.0.tgz",
      "integrity": "sha512-94qrDvJ0MAkVBvLUI+UPKmtirQer2TijqrVG/tUQwwXnDtTB3noMFgyJTD+cnmg1sE/0P6S835qPNDr11ms9Ow==",
      "requires": {
        "@polymer/iron-a11y-announcer": "^3.0.0-pre.18",
        "@polymer/iron-a11y-keys-behavior": "^3.0.0-pre.18",
        "@polymer/iron-media-query": "^3.0.0-pre.18",
        "@polymer/iron-resizable-behavior": "^3.0.0-pre.18",
        "@polymer/polymer": "^3.0.0",
        "@vaadin/vaadin-button": "^2.1.0-beta2",
        "@vaadin/vaadin-control-state-mixin": "^2.1.1",
        "@vaadin/vaadin-element-mixin": "^2.0.0",
        "@vaadin/vaadin-lumo-styles": "^1.1.0-beta1",
        "@vaadin/vaadin-material-styles": "^1.1.0-beta1",
        "@vaadin/vaadin-overlay": "^3.1.0-beta2",
        "@vaadin/vaadin-text-field": "^2.1.0-beta2",
        "@vaadin/vaadin-themable-mixin": "^1.2.1"
      }
    },
    "@vaadin/vaadin-development-mode-detector": {
      "version": "2.0.0",
      "resolved": "https://registry.npmjs.org/@vaadin/vaadin-development-mode-detector/-/vaadin-development-mode-detector-2.0.0.tgz",
      "integrity": "sha512-pzSaUqn+lJbTL2ZC6NCAfhyMymMYg2p4DzeUXdyInJISwSWmgh9RlRVpAGhi6MIUOKC7kGeKPAiB4vyWsEhzDg=="
    },
    "@vaadin/vaadin-dialog": {
      "version": "2.1.0",
      "resolved": "https://registry.npmjs.org/@vaadin/vaadin-dialog/-/vaadin-dialog-2.1.0.tgz",
      "integrity": "sha512-j/VHsYYkRaEm78FFkiSsPOo2pOWB7IOFy+CRFkBZwic43YQ1A5zLlcmngKIAnIdS21eFZ6SI+3/bBHF9962tnw==",
      "requires": {
        "@polymer/polymer": "^3.0.0",
        "@vaadin/vaadin-element-mixin": "^2.0.0",
        "@vaadin/vaadin-lumo-styles": "^1.1.0",
        "@vaadin/vaadin-material-styles": "^1.1.0",
        "@vaadin/vaadin-overlay": "^3.1.1",
        "@vaadin/vaadin-themable-mixin": "^1.2.1"
      }
    },
    "@vaadin/vaadin-dropdown-menu": {
      "version": "1.1.0",
      "resolved": "https://registry.npmjs.org/@vaadin/vaadin-dropdown-menu/-/vaadin-dropdown-menu-1.1.0.tgz",
      "integrity": "sha512-Ft/O0MFDF83KFVwq3Z3kq6hzx+/yInVG5QjRFHtAkbRABSq5mygDWlQazidIuxt8q2mFabQ6f5WTXshajnLcGA==",
      "requires": {
        "@polymer/iron-media-query": "^3.0.0-pre.18",
        "@polymer/polymer": "^3.0.0",
        "@vaadin/vaadin-control-state-mixin": "^2.1.1",
        "@vaadin/vaadin-element-mixin": "^2.0.0",
        "@vaadin/vaadin-lumo-styles": "^1.1.0",
        "@vaadin/vaadin-material-styles": "^1.1.0",
        "@vaadin/vaadin-overlay": "^3.1.1",
        "@vaadin/vaadin-text-field": "^2.1.1",
        "@vaadin/vaadin-themable-mixin": "^1.2.1"
      }
    },
    "@vaadin/vaadin-element-mixin": {
      "version": "2.1.2",
      "resolved": "https://registry.npmjs.org/@vaadin/vaadin-element-mixin/-/vaadin-element-mixin-2.1.2.tgz",
      "integrity": "sha512-ufYIyiesFoqqEla9CsuMfF1eLXzz0UNVRLTltEuNl01wX+O7Ujqpfp88lmI0VtwfAZ9eobSlXK0eQca1+2IDIg==",
      "requires": {
        "@polymer/polymer": "^3.0.0",
        "@vaadin/vaadin-development-mode-detector": "^2.0.0",
        "@vaadin/vaadin-usage-statistics": "^2.0.1"
      }
    },
    "@vaadin/vaadin-form-layout": {
      "version": "2.1.0",
      "resolved": "https://registry.npmjs.org/@vaadin/vaadin-form-layout/-/vaadin-form-layout-2.1.0.tgz",
      "integrity": "sha512-R/uVw3yLSxbFzunrpB5Qy672PlBPpcUY+K8ChNrAr+BrAP9TMSS8O1xsRQANeXePiwjOR+ygcOXd4NjjHyJfUQ==",
      "requires": {
        "@polymer/iron-resizable-behavior": "^3.0.0-pre.18",
        "@polymer/polymer": "^3.0.0",
        "@vaadin/vaadin-element-mixin": "^2.0.0",
        "@vaadin/vaadin-lumo-styles": "^1.1.0",
        "@vaadin/vaadin-material-styles": "^1.1.0",
        "@vaadin/vaadin-themable-mixin": "^1.2.1"
      }
    },
    "@vaadin/vaadin-grid": {
      "version": "5.1.0",
      "resolved": "https://registry.npmjs.org/@vaadin/vaadin-grid/-/vaadin-grid-5.1.0.tgz",
      "integrity": "sha512-LxF1y19yOFChJUhxsU7FWfEvzYIEQDIvV/GsjTECZuEv8MTlC6WxF0oMHEOaJP9V6PSfKnmloASZ5RcjkNhbxw==",
      "requires": {
        "@polymer/iron-a11y-announcer": "^3.0.0-pre.18",
        "@polymer/iron-a11y-keys-behavior": "^3.0.0-pre.18",
        "@polymer/iron-resizable-behavior": "^3.0.0-pre.18",
        "@polymer/iron-scroll-target-behavior": "^3.0.0-pre.18",
        "@polymer/polymer": "^3.0.0",
        "@vaadin/vaadin-checkbox": "^2.2.1",
        "@vaadin/vaadin-element-mixin": "^2.1.1",
        "@vaadin/vaadin-lumo-styles": "^1.1.1",
        "@vaadin/vaadin-material-styles": "^1.1.1",
        "@vaadin/vaadin-text-field": "^2.1.1",
        "@vaadin/vaadin-themable-mixin": "^1.2.1"
      }
    },
    "@vaadin/vaadin-icons": {
      "version": "4.2.0",
      "resolved": "https://registry.npmjs.org/@vaadin/vaadin-icons/-/vaadin-icons-4.2.0.tgz",
      "integrity": "sha512-PYebe4WrMQDgrWpXArOeKFiVKOZD8TMqWoFn417h98NLWihsLAKIiiTfj365H8RWf8nJc2CAJhE2Ii7AUTsp9Q==",
      "requires": {
        "@polymer/iron-icon": "^3.0.0-pre.18",
        "@polymer/iron-iconset-svg": "^3.0.0-pre.18",
        "@polymer/polymer": "^3.0.0"
      }
    },
    "@vaadin/vaadin-item": {
      "version": "2.1.0",
      "resolved": "https://registry.npmjs.org/@vaadin/vaadin-item/-/vaadin-item-2.1.0.tgz",
      "integrity": "sha512-OgHDWghreIYbvCc9vaNcGteg796CO99N8NFfjqAsAF75cHKdwWfPLylrYZSebk/PCFdKCQauSQXXRVU3uqzyBg==",
      "requires": {
        "@polymer/polymer": "^3.0.0",
        "@vaadin/vaadin-lumo-styles": "^1.1.0",
        "@vaadin/vaadin-material-styles": "^1.1.0",
        "@vaadin/vaadin-themable-mixin": "^1.2.1"
      }
    },
    "@vaadin/vaadin-list-box": {
      "version": "1.1.0",
      "resolved": "https://registry.npmjs.org/@vaadin/vaadin-list-box/-/vaadin-list-box-1.1.0.tgz",
      "integrity": "sha512-IC+L6VH+155K8rOEWu9BL1tdfnvBWYFcJb0Kty/l5FLmlxUJ2HIhaMSghgtbOsv19stLGTiV9BTAboBszGQ+Hg==",
      "requires": {
        "@polymer/polymer": "^3.0.0",
        "@vaadin/vaadin-element-mixin": "^2.0.0",
        "@vaadin/vaadin-item": "^2.1.0",
        "@vaadin/vaadin-list-mixin": "^2.1.0",
        "@vaadin/vaadin-lumo-styles": "^1.1.0",
        "@vaadin/vaadin-material-styles": "^1.1.0",
        "@vaadin/vaadin-themable-mixin": "^1.2.1"
      }
    },
    "@vaadin/vaadin-list-mixin": {
      "version": "2.1.0",
      "resolved": "https://registry.npmjs.org/@vaadin/vaadin-list-mixin/-/vaadin-list-mixin-2.1.0.tgz",
      "integrity": "sha512-++eOWyrYVVzudIJ3Y/F+WXECWE6DFw7QgakDqSZAgmfLZVV/Gtz9lR5eIIh4skhsGqKYafCv+M3exhFeB8f+nA==",
      "requires": {
        "@polymer/polymer": "^3.0.0"
      }
    },
    "@vaadin/vaadin-lumo-styles": {
      "version": "1.2.0",
      "resolved": "https://registry.npmjs.org/@vaadin/vaadin-lumo-styles/-/vaadin-lumo-styles-1.2.0.tgz",
      "integrity": "sha512-7hGT+vvIiEc3k+LpGSRlghu+JhVwvne77Rb4e57BoD47M49h1y/MzE55b/x6lemwPCe9ID3hRuiK2L5qWu4vBQ==",
      "requires": {
        "@polymer/iron-icon": "^3.0.0-pre.18",
        "@polymer/iron-iconset-svg": "^3.0.0-pre.18",
        "@polymer/polymer": "^3.0.0"
      }
    },
    "@vaadin/vaadin-material-styles": {
      "version": "1.2.0",
      "resolved": "https://registry.npmjs.org/@vaadin/vaadin-material-styles/-/vaadin-material-styles-1.2.0.tgz",
      "integrity": "sha512-H46YlNxrG+pvFqzYdVB+LM5PE4WpW38dwagHA13RNIHO52mpqZvaRz8U7YNJ+zjqoy9btz7jk7m9QSpgcNLy2w==",
      "requires": {
        "@polymer/polymer": "^3.0.0"
      }
    },
    "@vaadin/vaadin-notification": {
      "version": "1.1.0",
      "resolved": "https://registry.npmjs.org/@vaadin/vaadin-notification/-/vaadin-notification-1.1.0.tgz",
      "integrity": "sha512-UkqUiQIHg/X+cye+gT6S5+MTFnbCxSTRia28DO5ZB2FTt83pAmg2dlsNlLaq7x6sgl/e+/C6tkOy/U+qQT8PBw==",
      "requires": {
        "@polymer/polymer": "^3.0.0",
        "@vaadin/vaadin-element-mixin": "^2.0.0",
        "@vaadin/vaadin-lumo-styles": "^1.1.0",
        "@vaadin/vaadin-material-styles": "^1.1.0",
        "@vaadin/vaadin-themable-mixin": "^1.2.1"
      }
    },
    "@vaadin/vaadin-ordered-layout": {
      "version": "1.1.0",
      "resolved": "https://registry.npmjs.org/@vaadin/vaadin-ordered-layout/-/vaadin-ordered-layout-1.1.0.tgz",
      "integrity": "sha512-ln3dXms/JmKCYu4sTc/xANxF13V8S6A1f/0xKvohYOEU5fRvq7suc8SR7GesyfXouF40kbFJ49sqTquK9TP95A==",
      "requires": {
        "@polymer/polymer": "^3.0.0",
        "@vaadin/vaadin-element-mixin": "^2.0.0",
        "@vaadin/vaadin-lumo-styles": "^1.1.0",
        "@vaadin/vaadin-material-styles": "^1.1.0",
        "@vaadin/vaadin-themable-mixin": "^1.2.1"
      }
    },
    "@vaadin/vaadin-overlay": {
      "version": "3.1.1",
      "resolved": "https://registry.npmjs.org/@vaadin/vaadin-overlay/-/vaadin-overlay-3.1.1.tgz",
      "integrity": "sha512-SY0JcQ7avXirKssVNwSjIIZbeP40cfFqmoDJ76dz82TXmka+2KHABFsp7lHvU3dDa+7jijHbBNC9aOTsdMPq7Q==",
      "requires": {
        "@polymer/iron-overlay-behavior": "^3.0.0-pre.18",
        "@polymer/polymer": "^3.0.0",
        "@vaadin/vaadin-lumo-styles": "^1.1.0-beta1",
        "@vaadin/vaadin-material-styles": "^1.1.0-beta1",
        "@vaadin/vaadin-themable-mixin": "^1.2.1"
      }
    },
    "@vaadin/vaadin-progress-bar": {
      "version": "1.1.0",
      "resolved": "https://registry.npmjs.org/@vaadin/vaadin-progress-bar/-/vaadin-progress-bar-1.1.0.tgz",
      "integrity": "sha512-EnM/ikNIgp47KCvzJeq7D2uueP7nGTKuhZWZVOMsKkX8tb+o68FJJdWZ1QkLJ+9Z1AKCAz5QhSKgP4+EPoiL2w==",
      "requires": {
        "@polymer/polymer": "^3.0.0",
        "@vaadin/vaadin-element-mixin": "^2.0.0",
        "@vaadin/vaadin-lumo-styles": "^1.1.0",
        "@vaadin/vaadin-material-styles": "^1.1.0",
        "@vaadin/vaadin-themable-mixin": "^1.2.1"
      }
    },
    "@vaadin/vaadin-radio-button": {
      "version": "1.1.2",
      "resolved": "https://registry.npmjs.org/@vaadin/vaadin-radio-button/-/vaadin-radio-button-1.1.2.tgz",
      "integrity": "sha512-OW+iKY0HRx0EHf/s4nTTJ893QpsxWBo5VzRR8KxG2iDvC3EqkShCaHxYG9LDk5PuR76MsMjK8n3wE9EblnmF5g==",
      "requires": {
        "@polymer/polymer": "^3.0.0",
        "@vaadin/vaadin-control-state-mixin": "^2.1.1",
        "@vaadin/vaadin-element-mixin": "^2.0.0",
        "@vaadin/vaadin-lumo-styles": "^1.2.0",
        "@vaadin/vaadin-material-styles": "^1.2.0",
        "@vaadin/vaadin-themable-mixin": "^1.2.1"
      }
    },
    "@vaadin/vaadin-split-layout": {
      "version": "4.1.0",
      "resolved": "https://registry.npmjs.org/@vaadin/vaadin-split-layout/-/vaadin-split-layout-4.1.0.tgz",
      "integrity": "sha512-hg93lLaDJeAcFwoyQmeo+W7uCkm7O2Vte96EBxqXfRUMwXA3RDg/gNjpZHhHkmvnNx/tsahxeMlpar6YD3aj+Q==",
      "requires": {
        "@polymer/iron-resizable-behavior": "^3.0.0-pre.18",
        "@polymer/polymer": "^3.0.0",
        "@vaadin/vaadin-element-mixin": "^2.0.0",
        "@vaadin/vaadin-lumo-styles": "^1.1.0",
        "@vaadin/vaadin-material-styles": "^1.1.0",
        "@vaadin/vaadin-themable-mixin": "^1.2.1"
      }
    },
    "@vaadin/vaadin-tabs": {
      "version": "2.1.1",
      "resolved": "https://registry.npmjs.org/@vaadin/vaadin-tabs/-/vaadin-tabs-2.1.1.tgz",
      "integrity": "sha512-awk+zj3UOqYMdWeZV61RpdTbusYOo+GKjszcHF1jsRubOEjyxy2E5RJ42gJUEC4dr7PAkhhbsN6KTDqYDKjppQ==",
      "requires": {
        "@polymer/iron-resizable-behavior": "^3.0.0-pre.18",
        "@polymer/polymer": "^3.0.0",
        "@vaadin/vaadin-element-mixin": "^2.0.0",
        "@vaadin/vaadin-item": "^2.1.0",
        "@vaadin/vaadin-list-mixin": "^2.1.0",
        "@vaadin/vaadin-lumo-styles": "^1.1.0",
        "@vaadin/vaadin-material-styles": "^1.1.0",
        "@vaadin/vaadin-themable-mixin": "^1.2.1"
      }
    },
    "@vaadin/vaadin-text-field": {
      "version": "2.1.2",
      "resolved": "https://registry.npmjs.org/@vaadin/vaadin-text-field/-/vaadin-text-field-2.1.2.tgz",
      "integrity": "sha512-KnSgGvu8qLKvpmJs/Sxq/1U6/hVzDS9pz3Rc+h/OUlbC/eUtmhPh5feFcR+MULFS17NZSZgyiCdjgdlueeYIyg==",
      "requires": {
        "@polymer/polymer": "^3.0.0",
        "@vaadin/vaadin-control-state-mixin": "^2.1.1",
        "@vaadin/vaadin-element-mixin": "^2.0.0",
        "@vaadin/vaadin-lumo-styles": "^1.1.0-beta1",
        "@vaadin/vaadin-material-styles": "^1.1.0-beta1",
        "@vaadin/vaadin-themable-mixin": "^1.2.1"
      }
    },
    "@vaadin/vaadin-themable-mixin": {
      "version": "1.3.2",
      "resolved": "https://registry.npmjs.org/@vaadin/vaadin-themable-mixin/-/vaadin-themable-mixin-1.3.2.tgz",
      "integrity": "sha512-0GrdfVdkSgref5pFVoU6cgEX2an2piwZEolKQQy/NDy07JIrnjnZX4f/4ZwxsWU8RPhaifarOreWr76Ow/Oisw==",
      "requires": {
        "@polymer/polymer": "^3.0.0"
      }
    },
    "@vaadin/vaadin-upload": {
      "version": "4.2.1",
      "resolved": "https://registry.npmjs.org/@vaadin/vaadin-upload/-/vaadin-upload-4.2.1.tgz",
      "integrity": "sha512-MY21sMl87fklAbR9EoXJYee7RA0qpbIPRLGt88apl/fsldLwVpK0oYmR3Yl2ctohVy3pj+Yacpw4nGlX3+OV3A==",
      "requires": {
        "@polymer/polymer": "^3.0.0",
        "@vaadin/vaadin-button": "^2.1.0",
        "@vaadin/vaadin-element-mixin": "^2.0.0",
        "@vaadin/vaadin-lumo-styles": "^1.1.0",
        "@vaadin/vaadin-material-styles": "^1.1.0",
        "@vaadin/vaadin-progress-bar": "^1.1.0",
        "@vaadin/vaadin-themable-mixin": "^1.2.1"
      }
    },
    "@vaadin/vaadin-usage-statistics": {
      "version": "2.0.1",
      "resolved": "https://registry.npmjs.org/@vaadin/vaadin-usage-statistics/-/vaadin-usage-statistics-2.0.1.tgz",
      "integrity": "sha512-8CmbCXZo8Z343jQT3hMVIvdkjzK72r762/UyqjLD54ArjzadneoA+4U6mFGbnbHO7FZpDhc4BKZRb5KAt0ibGg==",
      "requires": {
        "@vaadin/vaadin-development-mode-detector": "^2.0.0"
      }
    },
    "@webcomponents/shadycss": {
      "version": "1.5.2",
      "resolved": "https://registry.npmjs.org/@webcomponents/shadycss/-/shadycss-1.5.2.tgz",
      "integrity": "sha512-0OyrmVc7S+INtzoqP2ofAo+OdVn2Nj0Qvq4wD9FEGN7nMmLRxaD2mzy6hD6EslzxUSuGH302CDU4KXiY66SEqg=="
    },
    "@webcomponents/webcomponentsjs": {
      "version": "2.1.3",
      "resolved": "https://registry.npmjs.org/@webcomponents/webcomponentsjs/-/webcomponentsjs-2.1.3.tgz",
      "integrity": "sha512-0UHJNY88lR3pnEYtBVT7F8cuuxOiITQGWJa0LxoELqkBSB7IabzJFOj5K99PajD3CGAsWpjB0CAeijfe376Y1w=="
    },
    "JSONSelect": {
      "version": "0.4.0",
      "resolved": "https://registry.npmjs.org/JSONSelect/-/JSONSelect-0.4.0.tgz",
      "integrity": "sha1-oI7cxn6z/L6Z7WMIVTRKDPKCu40="
    },
    "cjson": {
      "version": "0.2.1",
      "resolved": "https://registry.npmjs.org/cjson/-/cjson-0.2.1.tgz",
      "integrity": "sha1-c82KrWXZ4VBfmvF0TTt5wVJ2gqU="
    },
    "colors": {
      "version": "0.5.1",
      "resolved": "https://registry.npmjs.org/colors/-/colors-0.5.1.tgz",
      "integrity": "sha1-fQAj6usVTo7p/Oddy5I9DtFmd3Q="
    },
    "core-util-is": {
      "version": "1.0.2",
      "resolved": "https://registry.npmjs.org/core-util-is/-/core-util-is-1.0.2.tgz",
      "integrity": "sha1-tf1UIgqivFq1eqtxQMlAdUUDwac="
    },
    "deep-is": {
      "version": "0.1.3",
      "resolved": "https://registry.npmjs.org/deep-is/-/deep-is-0.1.3.tgz",
      "integrity": "sha1-s2nW+128E+7PUk+RsHD+7cNXzzQ="
    },
    "dom-serializer": {
      "version": "0.1.0",
      "resolved": "https://registry.npmjs.org/dom-serializer/-/dom-serializer-0.1.0.tgz",
      "integrity": "sha1-BzxpdUbOB4DOI75KKOKT5AvDDII=",
      "requires": {
        "domelementtype": "~1.1.1",
        "entities": "~1.1.1"
      },
      "dependencies": {
        "domelementtype": {
          "version": "1.1.3",
          "resolved": "https://registry.npmjs.org/domelementtype/-/domelementtype-1.1.3.tgz",
          "integrity": "sha1-vSh3PiZCiBrsUVRJJCmcXNgiGFs="
        }
      }
    },
    "domelementtype": {
      "version": "1.3.0",
      "resolved": "https://registry.npmjs.org/domelementtype/-/domelementtype-1.3.0.tgz",
      "integrity": "sha1-sXrtguirWeUt2cGbF1bg/BhyBMI="
    },
    "domhandler": {
      "version": "2.4.2",
      "resolved": "https://registry.npmjs.org/domhandler/-/domhandler-2.4.2.tgz",
      "integrity": "sha512-JiK04h0Ht5u/80fdLMCEmV4zkNh2BcoMFBmZ/91WtYZ8qVXSKjiw7fXMgFPnHcSZgOo3XdinHvmnDUeMf5R4wA==",
      "requires": {
        "domelementtype": "1"
      }
    },
    "domutils": {
      "version": "1.7.0",
      "resolved": "https://registry.npmjs.org/domutils/-/domutils-1.7.0.tgz",
      "integrity": "sha512-Lgd2XcJ/NjEw+7tFvfKxOzCYKZsdct5lczQ2ZaQY8Djz7pfAD3Gbp8ySJWtreII/vDlMVmxwa6pHmdxIYgttDg==",
      "requires": {
        "dom-serializer": "0",
        "domelementtype": "1"
      }
    },
    "ebnf-parser": {
      "version": "0.1.10",
      "resolved": "https://registry.npmjs.org/ebnf-parser/-/ebnf-parser-0.1.10.tgz",
      "integrity": "sha1-zR9rpHfFY4xAyX7ZtXLbW6tdgzE="
    },
    "echarts": {
      "version": "4.1.0",
      "resolved": "https://registry.npmjs.org/echarts/-/echarts-4.1.0.tgz",
      "integrity": "sha512-gP1e1fNnAj9KJpTDLXV21brklbfJlqeINmpQDJCDta9TX3cPoqyQOiDVcEPzbOVHqgBRgTOwNxC5iGwJ89014A==",
      "requires": {
        "zrender": "4.0.4"
      }
    },
    "entities": {
      "version": "1.1.1",
      "resolved": "https://registry.npmjs.org/entities/-/entities-1.1.1.tgz",
      "integrity": "sha1-blwtClYhtdra7O+AuQ7ftc13cvA="
    },
    "escodegen": {
      "version": "0.0.21",
      "resolved": "https://registry.npmjs.org/escodegen/-/escodegen-0.0.21.tgz",
      "integrity": "sha1-U9ZSz6EDA4gnlFilJmxf/HCcY8M=",
      "requires": {
        "esprima": "~1.0.2",
        "estraverse": "~0.0.4",
        "source-map": ">= 0.1.2"
      },
      "dependencies": {
        "esprima": {
          "version": "1.0.4",
          "resolved": "https://registry.npmjs.org/esprima/-/esprima-1.0.4.tgz",
          "integrity": "sha1-n1V+CPw7TSbs6d00+Pv0drYlha0="
        }
      }
    },
    "eslint-plugin-html": {
      "version": "4.0.5",
      "resolved": "https://registry.npmjs.org/eslint-plugin-html/-/eslint-plugin-html-4.0.5.tgz",
      "integrity": "sha512-yULqYldzhYXTwZEaJXM30HhfgJdtTzuVH3LeoANybESHZ5+2ztLD72BsB2wR124/kk/PvQqZofDFSdNIk+kykw==",
      "requires": {
        "htmlparser2": "^3.8.2"
      }
    },
    "esprima": {
      "version": "1.2.2",
      "resolved": "https://registry.npmjs.org/esprima/-/esprima-1.2.2.tgz",
      "integrity": "sha1-dqD9Zvz+FU/SkmZ9wmQBl1CxZXs="
    },
    "estraverse": {
      "version": "0.0.4",
      "resolved": "https://registry.npmjs.org/estraverse/-/estraverse-0.0.4.tgz",
      "integrity": "sha1-AaCTLf7ldGhKWYr1pnw7+bZCjbI="
    },
    "esutils": {
      "version": "2.0.2",
      "resolved": "https://registry.npmjs.org/esutils/-/esutils-2.0.2.tgz",
      "integrity": "sha1-Cr9PHKpbyx96nYrMbepPqqBLrJs="
    },
    "fast-levenshtein": {
      "version": "2.0.6",
      "resolved": "https://registry.npmjs.org/fast-levenshtein/-/fast-levenshtein-2.0.6.tgz",
      "integrity": "sha1-PYpcZog6FqMMqGQ+hR8Zuqd5eRc="
    },
    "htmlparser2": {
      "version": "3.9.2",
      "resolved": "https://registry.npmjs.org/htmlparser2/-/htmlparser2-3.9.2.tgz",
      "integrity": "sha1-G9+HrMoPP55T+k/M6w9LTLsAszg=",
      "requires": {
        "domelementtype": "^1.3.0",
        "domhandler": "^2.3.0",
        "domutils": "^1.5.1",
        "entities": "^1.1.1",
        "inherits": "^2.0.1",
        "readable-stream": "^2.0.2"
      }
    },
    "inherits": {
      "version": "2.0.3",
      "resolved": "https://registry.npmjs.org/inherits/-/inherits-2.0.3.tgz",
      "integrity": "sha1-Yzwsg+PaQqUC9SRmAiSA9CCCYd4="
    },
    "isarray": {
      "version": "1.0.0",
      "resolved": "https://registry.npmjs.org/isarray/-/isarray-1.0.0.tgz",
      "integrity": "sha1-u5NdSFgsuhaMBoNJV6VKPgcSTxE="
    },
    "jison": {
      "version": "0.4.13",
      "resolved": "https://registry.npmjs.org/jison/-/jison-0.4.13.tgz",
      "integrity": "sha1-kEFwfWIkE2f1iDRTK58ZwsNvrHg=",
      "requires": {
        "JSONSelect": "0.4.0",
        "cjson": "~0.2.1",
        "ebnf-parser": "~0.1.9",
        "escodegen": "0.0.21",
        "esprima": "1.0.x",
        "jison-lex": "0.2.x",
        "lex-parser": "~0.1.3",
        "nomnom": "1.5.2"
      },
      "dependencies": {
        "esprima": {
          "version": "1.0.4",
          "resolved": "https://registry.npmjs.org/esprima/-/esprima-1.0.4.tgz",
          "integrity": "sha1-n1V+CPw7TSbs6d00+Pv0drYlha0="
        }
      }
    },
    "jison-lex": {
      "version": "0.2.1",
      "resolved": "https://registry.npmjs.org/jison-lex/-/jison-lex-0.2.1.tgz",
      "integrity": "sha1-rEuBXozOUTLrErXfz+jXB7iETf4=",
      "requires": {
        "lex-parser": "0.1.x",
        "nomnom": "1.5.2"
      }
    },
    "jsonpath": {
      "version": "1.0.0",
      "resolved": "https://registry.npmjs.org/jsonpath/-/jsonpath-1.0.0.tgz",
      "integrity": "sha1-Rc2dTE0NaCXZC9fkD4PxGCsT3Qc=",
      "requires": {
        "esprima": "1.2.2",
        "jison": "0.4.13",
        "static-eval": "2.0.0",
        "underscore": "1.7.0"
      }
    },
    "levn": {
      "version": "0.3.0",
      "resolved": "https://registry.npmjs.org/levn/-/levn-0.3.0.tgz",
      "integrity": "sha1-OwmSTt+fCDwEkP3UwLxEIeBHZO4=",
      "requires": {
        "prelude-ls": "~1.1.2",
        "type-check": "~0.3.2"
      }
    },
    "lex-parser": {
      "version": "0.1.4",
      "resolved": "https://registry.npmjs.org/lex-parser/-/lex-parser-0.1.4.tgz",
      "integrity": "sha1-ZMTwJfF/1Tv7RXY/rrFvAVp0dVA="
    },
    "lit-html": {
      "version": "0.11.4",
      "resolved": "https://registry.npmjs.org/lit-html/-/lit-html-0.11.4.tgz",
      "integrity": "sha512-yfJUxQrRjhYo4cdz3Db9YlkHs9v+rTZA4fvE/dqCOrA1Q2Bmx52X2OtEgGQ+JhyCb6ddDTndLijZjsSoQ44G7Q=="
    },
    "nomnom": {
      "version": "1.5.2",
      "resolved": "https://registry.npmjs.org/nomnom/-/nomnom-1.5.2.tgz",
      "integrity": "sha1-9DRUSKhTz71cDSYyDyR3qwUm/i8=",
      "requires": {
        "colors": "0.5.x",
        "underscore": "1.1.x"
      },
      "dependencies": {
        "underscore": {
          "version": "1.1.7",
          "resolved": "https://registry.npmjs.org/underscore/-/underscore-1.1.7.tgz",
          "integrity": "sha1-QLq4S60Z0jAJbo1u9ii/8FXYPbA="
        }
      }
    },
    "optionator": {
      "version": "0.8.2",
      "resolved": "https://registry.npmjs.org/optionator/-/optionator-0.8.2.tgz",
      "integrity": "sha1-NkxeQJ0/TWMB1sC0wFu6UBgK62Q=",
      "requires": {
        "deep-is": "~0.1.3",
        "fast-levenshtein": "~2.0.4",
        "levn": "~0.3.0",
        "prelude-ls": "~1.1.2",
        "type-check": "~0.3.2",
        "wordwrap": "~1.0.0"
      }
    },
    "prelude-ls": {
      "version": "1.1.2",
      "resolved": "https://registry.npmjs.org/prelude-ls/-/prelude-ls-1.1.2.tgz",
      "integrity": "sha1-IZMqVJ9eUv/ZqCf1cOBL5iqX2lQ="
    },
    "process-nextick-args": {
      "version": "2.0.0",
      "resolved": "https://registry.npmjs.org/process-nextick-args/-/process-nextick-args-2.0.0.tgz",
      "integrity": "sha512-MtEC1TqN0EU5nephaJ4rAtThHtC86dNN9qCuEhtshvpVBkAW5ZO7BASN9REnF9eoXGcRub+pFuKEpOHE+HbEMw=="
    },
    "pwa-helpers": {
      "version": "0.8.3",
      "resolved": "https://registry.npmjs.org/pwa-helpers/-/pwa-helpers-0.8.3.tgz",
      "integrity": "sha512-pcrzxppVbqPZUUrXn4nR3sNcHTTx/Yw9RC+IPsNYb4jHfLI8TNEAsOL1uOxNo5Zpig6QApTDvuVUaDgW9gICIQ=="
    },
    "readable-stream": {
      "version": "2.3.6",
      "resolved": "http://registry.npmjs.org/readable-stream/-/readable-stream-2.3.6.tgz",
      "integrity": "sha512-tQtKA9WIAhBF3+VLAseyMqZeBjW0AHJoxOtYqSUZNJxauErmLbVm2FW1y+J/YA9dUrAC39ITejlZWhVIwawkKw==",
      "requires": {
        "core-util-is": "~1.0.0",
        "inherits": "~2.0.3",
        "isarray": "~1.0.0",
        "process-nextick-args": "~2.0.0",
        "safe-buffer": "~5.1.1",
        "string_decoder": "~1.1.1",
        "util-deprecate": "~1.0.1"
      }
    },
    "safe-buffer": {
      "version": "5.1.2",
      "resolved": "https://registry.npmjs.org/safe-buffer/-/safe-buffer-5.1.2.tgz",
      "integrity": "sha512-Gd2UZBJDkXlY7GbJxfsE8/nvKkUEU1G38c1siN6QP6a9PT9MmHB8GnpscSmMJSoF8LOIrt8ud/wPtojys4G6+g=="
    },
    "source-map": {
      "version": "0.7.3",
      "resolved": "https://registry.npmjs.org/source-map/-/source-map-0.7.3.tgz",
      "integrity": "sha512-CkCj6giN3S+n9qrYiBTX5gystlENnRW5jZeNLHpe6aue+SrHcG5VYwujhW9s4dY31mEGsxBDrHR6oI69fTXsaQ==",
      "optional": true
    },
    "static-eval": {
      "version": "2.0.0",
      "resolved": "https://registry.npmjs.org/static-eval/-/static-eval-2.0.0.tgz",
      "integrity": "sha512-6flshd3F1Gwm+Ksxq463LtFd1liC77N/PX1FVVc3OzL3hAmo2fwHFbuArkcfi7s9rTNsLEhcRmXGFZhlgy40uw==",
      "requires": {
        "escodegen": "^1.8.1"
      },
      "dependencies": {
        "escodegen": {
          "version": "1.11.0",
          "resolved": "https://registry.npmjs.org/escodegen/-/escodegen-1.11.0.tgz",
          "integrity": "sha512-IeMV45ReixHS53K/OmfKAIztN/igDHzTJUhZM3k1jMhIZWjk45SMwAtBsEXiJp3vSPmTcu6CXn7mDvFHRN66fw==",
          "requires": {
            "esprima": "^3.1.3",
            "estraverse": "^4.2.0",
            "esutils": "^2.0.2",
            "optionator": "^0.8.1",
            "source-map": "~0.6.1"
          }
        },
        "esprima": {
          "version": "3.1.3",
          "resolved": "https://registry.npmjs.org/esprima/-/esprima-3.1.3.tgz",
          "integrity": "sha1-/cpRzuYTOJXjyI1TXOSdv/YqRjM="
        },
        "estraverse": {
          "version": "4.2.0",
          "resolved": "https://registry.npmjs.org/estraverse/-/estraverse-4.2.0.tgz",
          "integrity": "sha1-De4/7TH81GlhjOc0IJn8GvoL2xM="
        },
        "source-map": {
          "version": "0.6.1",
          "resolved": "https://registry.npmjs.org/source-map/-/source-map-0.6.1.tgz",
          "integrity": "sha512-UjgapumWlbMhkBgzT7Ykc5YXUT46F0iKu8SGXq0bcwP5dz/h0Plj6enJqjz1Zbq2l5WaqYnrVbwWOWMyF3F47g==",
          "optional": true
        }
      }
    },
    "string_decoder": {
      "version": "1.1.1",
      "resolved": "https://registry.npmjs.org/string_decoder/-/string_decoder-1.1.1.tgz",
      "integrity": "sha512-n/ShnvDi6FHbbVfviro+WojiFzv+s8MPMHBczVePfUpDJLwoLT0ht1l4YwBCbi8pJAveEEdnkHyPyTP/mzRfwg==",
      "requires": {
        "safe-buffer": "~5.1.0"
      }
    },
    "type-check": {
      "version": "0.3.2",
      "resolved": "https://registry.npmjs.org/type-check/-/type-check-0.3.2.tgz",
      "integrity": "sha1-WITKtRLPHTVeP7eE8wgEsrUg23I=",
      "requires": {
        "prelude-ls": "~1.1.2"
      }
    },
    "underscore": {
      "version": "1.7.0",
      "resolved": "https://registry.npmjs.org/underscore/-/underscore-1.7.0.tgz",
      "integrity": "sha1-a7rwh3UA02vjTsqlhODbn+8DUgk="
    },
    "util-deprecate": {
      "version": "1.0.2",
      "resolved": "https://registry.npmjs.org/util-deprecate/-/util-deprecate-1.0.2.tgz",
      "integrity": "sha1-RQ1Nyfpw3nMnYvvS1KKJgUGaDM8="
    },
    "wordwrap": {
      "version": "1.0.0",
      "resolved": "https://registry.npmjs.org/wordwrap/-/wordwrap-1.0.0.tgz",
      "integrity": "sha1-J1hIEIkUVqQXHI0CJkQa3pDLyus="
    },
    "zrender": {
      "version": "4.0.4",
      "resolved": "https://registry.npmjs.org/zrender/-/zrender-4.0.4.tgz",
      "integrity": "sha512-03Vd/BDl/cPXp8E61f5+Xbgr/a4vDyFA+uUtUc1s+5KgcPbyY2m+78R/9LQwkR6QwFYHG8qk25Q8ESGs/qpkZw=="
    }
  }
}
